
Microsoft Visual Studio Solution File, Format Version 12.00
# Visual Studio Version 17
VisualStudioVersion = 17.1.32210.238
MinimumVisualStudioVersion = 10.0.40219.1
Project("{FAE04EC0-301F-11D3-BF4B-00C04F79EFBC}") = "stackuc-2", "stackuc-2.csproj", "{6AE58915-A03E-4CAB-888E-3D6065982882}"
EndProject
Global
	GlobalSection(SolutionConfigurationPlatforms) = preSolution
		Debug|Any CPU = Debug|Any CPU
		Release|Any CPU = Release|Any CPU
	EndGlobalSection
	GlobalSection(ProjectConfigurationPlatforms) = postSolution
		{6AE58915-A03E-4CAB-888E-3D6065982882}.Debug|Any CPU.ActiveCfg = Debug|Any CPU
		{6AE58915-A03E-4CAB-888E-3D6065982882}.Debug|Any CPU.Build.0 = Debug|Any CPU
		{6AE58915-A03E-4CAB-888E-3D6065982882}.Release|Any CPU.ActiveCfg = Release|Any CPU
		{6AE58915-A03E-4CAB-888E-3D6065982882}.Release|Any CPU.Build.0 = Release|Any CPU
	EndGlobalSection
	GlobalSection(SolutionProperties) = preSolution
		HideSolutionNode = FALSE
	EndGlobalSection
	GlobalSection(ExtensibilityGlobals) = postSolution
		SolutionGuid = {82FC68CA-36A9-4CAB-A47E-1FBA5E8EC519}
	EndGlobalSection
EndGlobal
